
Microsoft Visual Studio Solution File, Format Version 12.00
# Visual Studio Version 16
VisualStudioVersion = 16.0.30011.22
MinimumVisualStudioVersion = 10.0.40219.1
Project("{FAE04EC0-301F-11D3-BF4B-00C04F79EFBC}") = "MMGuideAssesment1", "MMGuideAssesment\MMGuideAssesment1.csproj", "{0827FD71-D07D-4F9E-9D30-6BA620AE1938}"
EndProject
Project("{FAE04EC0-301F-11D3-BF4B-00C04F79EFBC}") = "MMGuideAssesment2", "MMGuideAssesment2\MMGuideAssesment2.csproj", "{ABA1A923-65FE-4292-BEEE-A5084BA864C1}"
EndProject
Project("{FAE04EC0-301F-11D3-BF4B-00C04F79EFBC}") = "MMGuideAssesment3", "MMGuideAssesment3\MMGuideAssesment3.csproj", "{C58C998C-8360-4B3F-B122-E3A282784511}"
EndProject
Project("{FAE04EC0-301F-11D3-BF4B-00C04F79EFBC}") = "MMGuideAssesment4", "MMGuideAssesment4\MMGuideAssesment4.csproj", "{9DA3B7FF-E38D-4403-91BF-1E6E6C027252}"
EndProject
Global
	GlobalSection(SolutionConfigurationPlatforms) = preSolution
		Debug|Any CPU = Debug|Any CPU
		Release|Any CPU = Release|Any CPU
	EndGlobalSection
	GlobalSection(ProjectConfigurationPlatforms) = postSolution
		{0827FD71-D07D-4F9E-9D30-6BA620AE1938}.Debug|Any CPU.ActiveCfg = Debug|Any CPU
		{0827FD71-D07D-4F9E-9D30-6BA620AE1938}.Debug|Any CPU.Build.0 = Debug|Any CPU
		{0827FD71-D07D-4F9E-9D30-6BA620AE1938}.Release|Any CPU.ActiveCfg = Release|Any CPU
		{0827FD71-D07D-4F9E-9D30-6BA620AE1938}.Release|Any CPU.Build.0 = Release|Any CPU
		{ABA1A923-65FE-4292-BEEE-A5084BA864C1}.Debug|Any CPU.ActiveCfg = Debug|Any CPU
		{ABA1A923-65FE-4292-BEEE-A5084BA864C1}.Debug|Any CPU.Build.0 = Debug|Any CPU
		{ABA1A923-65FE-4292-BEEE-A5084BA864C1}.Release|Any CPU.ActiveCfg = Release|Any CPU
		{ABA1A923-65FE-4292-BEEE-A5084BA864C1}.Release|Any CPU.Build.0 = Release|Any CPU
		{C58C998C-8360-4B3F-B122-E3A282784511}.Debug|Any CPU.ActiveCfg = Debug|Any CPU
		{C58C998C-8360-4B3F-B122-E3A282784511}.Debug|Any CPU.Build.0 = Debug|Any CPU
		{C58C998C-8360-4B3F-B122-E3A282784511}.Release|Any CPU.ActiveCfg = Release|Any CPU
		{C58C998C-8360-4B3F-B122-E3A282784511}.Release|Any CPU.Build.0 = Release|Any CPU
		{9DA3B7FF-E38D-4403-91BF-1E6E6C027252}.Debug|Any CPU.ActiveCfg = Debug|Any CPU
		{9DA3B7FF-E38D-4403-91BF-1E6E6C027252}.Debug|Any CPU.Build.0 = Debug|Any CPU
		{9DA3B7FF-E38D-4403-91BF-1E6E6C027252}.Release|Any CPU.ActiveCfg = Release|Any CPU
		{9DA3B7FF-E38D-4403-91BF-1E6E6C027252}.Release|Any CPU.Build.0 = Release|Any CPU
	EndGlobalSection
	GlobalSection(SolutionProperties) = preSolution
		HideSolutionNode = FALSE
	EndGlobalSection
	GlobalSection(ExtensibilityGlobals) = postSolution
		SolutionGuid = {D935E683-4500-42C7-BF0B-2A0CB5CC2350}
	EndGlobalSection
EndGlobal
